
Microsoft Visual Studio Solution File, Format Version 12.00
# Visual Studio Version 16
VisualStudioVersion = 16.0.29418.71
MinimumVisualStudioVersion = 10.0.40219.1
Project("{FAE04EC0-301F-11D3-BF4B-00C04F79EFBC}") = "GrpcService.Demo", "GrpcService.Demo\GrpcService.Demo.csproj", "{238EE8FD-8F11-4A41-B57F-291CF9B3EBD2}"
EndProject
Project("{FAE04EC0-301F-11D3-BF4B-00C04F79EFBC}") = "GrpcService.Client", "GrpcService.Client\GrpcService.Client.csproj", "{AB89C60F-AB4D-46E3-BDB2-2267B84553ED}"
EndProject
Global
	GlobalSection(SolutionConfigurationPlatforms) = preSolution
		Debug|Any CPU = Debug|Any CPU
		Release|Any CPU = Release|Any CPU
	EndGlobalSection
	GlobalSection(ProjectConfigurationPlatforms) = postSolution
		{238EE8FD-8F11-4A41-B57F-291CF9B3EBD2}.Debug|Any CPU.ActiveCfg = Debug|Any CPU
		{238EE8FD-8F11-4A41-B57F-291CF9B3EBD2}.Debug|Any CPU.Build.0 = Debug|Any CPU
		{238EE8FD-8F11-4A41-B57F-291CF9B3EBD2}.Release|Any CPU.ActiveCfg = Release|Any CPU
		{238EE8FD-8F11-4A41-B57F-291CF9B3EBD2}.Release|Any CPU.Build.0 = Release|Any CPU
		{AB89C60F-AB4D-46E3-BDB2-2267B84553ED}.Debug|Any CPU.ActiveCfg = Debug|Any CPU
		{AB89C60F-AB4D-46E3-BDB2-2267B84553ED}.Debug|Any CPU.Build.0 = Debug|Any CPU
		{AB89C60F-AB4D-46E3-BDB2-2267B84553ED}.Release|Any CPU.ActiveCfg = Release|Any CPU
		{AB89C60F-AB4D-46E3-BDB2-2267B84553ED}.Release|Any CPU.Build.0 = Release|Any CPU
	EndGlobalSection
	GlobalSection(SolutionProperties) = preSolution
		HideSolutionNode = FALSE
	EndGlobalSection
	GlobalSection(ExtensibilityGlobals) = postSolution
		SolutionGuid = {D121A4CA-F0B7-4992-9A0F-A4ECEA8DD441}
	EndGlobalSection
EndGlobal
