
Microsoft Visual Studio Solution File, Format Version 12.00
# Visual Studio 15
VisualStudioVersion = 15.0.28307.757
MinimumVisualStudioVersion = 10.0.40219.1
Project("{FAE04EC0-301F-11D3-BF4B-00C04F79EFBC}") = "Learning.Algorithms", "Learning.Algorithms\Learning.Algorithms.csproj", "{D327A153-672D-4F6D-B986-FC1E69CD8738}"
EndProject
Project("{FAE04EC0-301F-11D3-BF4B-00C04F79EFBC}") = "Learning.Algorithms.Tests", "Learning.Algorithms.Tests\Learning.Algorithms.Tests.csproj", "{ED494FEA-A207-4751-B28C-8D63F4886981}"
EndProject
Project("{FAE04EC0-301F-11D3-BF4B-00C04F79EFBC}") = "Learning.DesignPatterns", "Learning.DesignPatterns\Learning.DesignPatterns.csproj", "{55075270-C76B-46CB-8FC9-463E6BDDF2D5}"
EndProject
Project("{2150E333-8FDC-42A3-9474-1A3956D46DE8}") = "Solution Items", "Solution Items", "{1F4A4713-8983-446F-8AAB-FC1FEC833DC1}"
	ProjectSection(SolutionItems) = preProject
		README.md = README.md
	EndProjectSection
EndProject
Project("{FAE04EC0-301F-11D3-BF4B-00C04F79EFBC}") = "Learning.DesignPatterns.EventAggregator.BeforeEA", "Learning.DesignPatterns.EventAggregator.BeforeEA\Learning.DesignPatterns.EventAggregator.BeforeEA.csproj", "{21ACAFDA-588A-4892-B220-845555FEA02B}"
EndProject
Project("{FAE04EC0-301F-11D3-BF4B-00C04F79EFBC}") = "Learning.SolidPrinciples", "Learning.SolidPrinciples\Learning.SolidPrinciples.csproj", "{FCD2E686-F197-4C31-87B1-713CB3472FB5}"
EndProject
Global
	GlobalSection(SolutionConfigurationPlatforms) = preSolution
		Debug|Any CPU = Debug|Any CPU
		Release|Any CPU = Release|Any CPU
	EndGlobalSection
	GlobalSection(ProjectConfigurationPlatforms) = postSolution
		{D327A153-672D-4F6D-B986-FC1E69CD8738}.Debug|Any CPU.ActiveCfg = Debug|Any CPU
		{D327A153-672D-4F6D-B986-FC1E69CD8738}.Debug|Any CPU.Build.0 = Debug|Any CPU
		{D327A153-672D-4F6D-B986-FC1E69CD8738}.Release|Any CPU.ActiveCfg = Release|Any CPU
		{D327A153-672D-4F6D-B986-FC1E69CD8738}.Release|Any CPU.Build.0 = Release|Any CPU
		{ED494FEA-A207-4751-B28C-8D63F4886981}.Debug|Any CPU.ActiveCfg = Debug|Any CPU
		{ED494FEA-A207-4751-B28C-8D63F4886981}.Debug|Any CPU.Build.0 = Debug|Any CPU
		{ED494FEA-A207-4751-B28C-8D63F4886981}.Release|Any CPU.ActiveCfg = Release|Any CPU
		{ED494FEA-A207-4751-B28C-8D63F4886981}.Release|Any CPU.Build.0 = Release|Any CPU
		{55075270-C76B-46CB-8FC9-463E6BDDF2D5}.Debug|Any CPU.ActiveCfg = Debug|Any CPU
		{55075270-C76B-46CB-8FC9-463E6BDDF2D5}.Debug|Any CPU.Build.0 = Debug|Any CPU
		{55075270-C76B-46CB-8FC9-463E6BDDF2D5}.Release|Any CPU.ActiveCfg = Release|Any CPU
		{55075270-C76B-46CB-8FC9-463E6BDDF2D5}.Release|Any CPU.Build.0 = Release|Any CPU
		{21ACAFDA-588A-4892-B220-845555FEA02B}.Debug|Any CPU.ActiveCfg = Debug|Any CPU
		{21ACAFDA-588A-4892-B220-845555FEA02B}.Debug|Any CPU.Build.0 = Debug|Any CPU
		{21ACAFDA-588A-4892-B220-845555FEA02B}.Release|Any CPU.ActiveCfg = Release|Any CPU
		{21ACAFDA-588A-4892-B220-845555FEA02B}.Release|Any CPU.Build.0 = Release|Any CPU
		{FCD2E686-F197-4C31-87B1-713CB3472FB5}.Debug|Any CPU.ActiveCfg = Debug|Any CPU
		{FCD2E686-F197-4C31-87B1-713CB3472FB5}.Debug|Any CPU.Build.0 = Debug|Any CPU
		{FCD2E686-F197-4C31-87B1-713CB3472FB5}.Release|Any CPU.ActiveCfg = Release|Any CPU
		{FCD2E686-F197-4C31-87B1-713CB3472FB5}.Release|Any CPU.Build.0 = Release|Any CPU
	EndGlobalSection
	GlobalSection(SolutionProperties) = preSolution
		HideSolutionNode = FALSE
	EndGlobalSection
	GlobalSection(ExtensibilityGlobals) = postSolution
		SolutionGuid = {50DA8E1D-99AF-45FC-A2BE-2B494C274B71}
	EndGlobalSection
EndGlobal
