
Microsoft Visual Studio Solution File, Format Version 12.00
# Visual Studio 15
VisualStudioVersion = 15.0.28307.489
MinimumVisualStudioVersion = 10.0.40219.1
Project("{FAE04EC0-301F-11D3-BF4B-00C04F79EFBC}") = "Learning.Algorithms", "Learning.Algorithms\Learning.Algorithms.csproj", "{D327A153-672D-4F6D-B986-FC1E69CD8738}"
EndProject
Project("{FAE04EC0-301F-11D3-BF4B-00C04F79EFBC}") = "Learning.Algorithms.Tests", "Learning.Algorithms.Tests\Learning.Algorithms.Tests.csproj", "{ED494FEA-A207-4751-B28C-8D63F4886981}"
EndProject
Global
	GlobalSection(SolutionConfigurationPlatforms) = preSolution
		Debug|Any CPU = Debug|Any CPU
		Release|Any CPU = Release|Any CPU
	EndGlobalSection
	GlobalSection(ProjectConfigurationPlatforms) = postSolution
		{D327A153-672D-4F6D-B986-FC1E69CD8738}.Debug|Any CPU.ActiveCfg = Debug|Any CPU
		{D327A153-672D-4F6D-B986-FC1E69CD8738}.Debug|Any CPU.Build.0 = Debug|Any CPU
		{D327A153-672D-4F6D-B986-FC1E69CD8738}.Release|Any CPU.ActiveCfg = Release|Any CPU
		{D327A153-672D-4F6D-B986-FC1E69CD8738}.Release|Any CPU.Build.0 = Release|Any CPU
		{ED494FEA-A207-4751-B28C-8D63F4886981}.Debug|Any CPU.ActiveCfg = Debug|Any CPU
		{ED494FEA-A207-4751-B28C-8D63F4886981}.Debug|Any CPU.Build.0 = Debug|Any CPU
		{ED494FEA-A207-4751-B28C-8D63F4886981}.Release|Any CPU.ActiveCfg = Release|Any CPU
		{ED494FEA-A207-4751-B28C-8D63F4886981}.Release|Any CPU.Build.0 = Release|Any CPU
	EndGlobalSection
	GlobalSection(SolutionProperties) = preSolution
		HideSolutionNode = FALSE
	EndGlobalSection
	GlobalSection(ExtensibilityGlobals) = postSolution
		SolutionGuid = {50DA8E1D-99AF-45FC-A2BE-2B494C274B71}
	EndGlobalSection
EndGlobal
